
Microsoft Visual Studio Solution File, Format Version 12.00
# Visual Studio Version 16
VisualStudioVersion = 16.0.31019.35
MinimumVisualStudioVersion = 10.0.40219.1
Project("{FAE04EC0-301F-11D3-BF4B-00C04F79EFBC}") = "RentalKendaraan", "RentalKendaraan\RentalKendaraan.csproj", "{6388770F-9EE7-43D7-8331-26514B208749}"
EndProject
Global
	GlobalSection(SolutionConfigurationPlatforms) = preSolution
		Debug|Any CPU = Debug|Any CPU
		Release|Any CPU = Release|Any CPU
	EndGlobalSection
	GlobalSection(ProjectConfigurationPlatforms) = postSolution
		{6388770F-9EE7-43D7-8331-26514B208749}.Debug|Any CPU.ActiveCfg = Debug|Any CPU
		{6388770F-9EE7-43D7-8331-26514B208749}.Debug|Any CPU.Build.0 = Debug|Any CPU
		{6388770F-9EE7-43D7-8331-26514B208749}.Release|Any CPU.ActiveCfg = Release|Any CPU
		{6388770F-9EE7-43D7-8331-26514B208749}.Release|Any CPU.Build.0 = Release|Any CPU
	EndGlobalSection
	GlobalSection(SolutionProperties) = preSolution
		HideSolutionNode = FALSE
	EndGlobalSection
	GlobalSection(ExtensibilityGlobals) = postSolution
		SolutionGuid = {16B01CF4-0F6A-401D-8DED-8F9A98415BEE}
	EndGlobalSection
EndGlobal
